
Microsoft Visual Studio Solution File, Format Version 12.00
# Visual Studio Version 17
VisualStudioVersion = 17.3.32819.101
MinimumVisualStudioVersion = 10.0.40219.1
Project("{FAE04EC0-301F-11D3-BF4B-00C04F79EFBC}") = "ExosuitPickupDistanceMod_BZ", "ExosuitPickupDistanceMod_BZ\ExosuitPickupDistanceMod_BZ.csproj", "{EA040CEC-7DD3-4029-AAFC-7E5EECE2DFB6}"
EndProject
Project("{FAE04EC0-301F-11D3-BF4B-00C04F79EFBC}") = "SeaTruckModuleWeightMod_BZ", "SeaTruckModuleWeightMod\SeaTruckModuleWeightMod_BZ.csproj", "{D3EBE198-BA8B-4143-8ECC-162099CD2166}"
EndProject
Global
	GlobalSection(SolutionConfigurationPlatforms) = preSolution
		Debug|Any CPU = Debug|Any CPU
		Release|Any CPU = Release|Any CPU
	EndGlobalSection
	GlobalSection(ProjectConfigurationPlatforms) = postSolution
		{EA040CEC-7DD3-4029-AAFC-7E5EECE2DFB6}.Debug|Any CPU.ActiveCfg = Debug|Any CPU
		{EA040CEC-7DD3-4029-AAFC-7E5EECE2DFB6}.Debug|Any CPU.Build.0 = Debug|Any CPU
		{EA040CEC-7DD3-4029-AAFC-7E5EECE2DFB6}.Release|Any CPU.ActiveCfg = Release|Any CPU
		{EA040CEC-7DD3-4029-AAFC-7E5EECE2DFB6}.Release|Any CPU.Build.0 = Release|Any CPU
		{D3EBE198-BA8B-4143-8ECC-162099CD2166}.Debug|Any CPU.ActiveCfg = Debug|Any CPU
		{D3EBE198-BA8B-4143-8ECC-162099CD2166}.Debug|Any CPU.Build.0 = Debug|Any CPU
		{D3EBE198-BA8B-4143-8ECC-162099CD2166}.Release|Any CPU.ActiveCfg = Release|Any CPU
		{D3EBE198-BA8B-4143-8ECC-162099CD2166}.Release|Any CPU.Build.0 = Release|Any CPU
	EndGlobalSection
	GlobalSection(SolutionProperties) = preSolution
		HideSolutionNode = FALSE
	EndGlobalSection
	GlobalSection(ExtensibilityGlobals) = postSolution
		SolutionGuid = {48E33D4F-E54D-412F-90DF-F748E593A505}
	EndGlobalSection
EndGlobal
